
Microsoft Visual Studio Solution File, Format Version 12.00
# Visual Studio Version 17
VisualStudioVersion = 17.14.37516.0 d17.14
MinimumVisualStudioVersion = 10.0.40219.1
Project("{FAE04EC0-301F-11D3-BF4B-00C04F79EFBC}") = "BCOpendayApp", "BCOpendayApp.csproj", "{7C48D443-9E76-438F-AB3A-58085190693C}"
EndProject
Project("{FAE04EC0-301F-11D3-BF4B-00C04F79EFBC}") = "UnityAndroidBinding", "..\UnityAndroidBinding\UnityAndroidBinding.csproj", "{4AC0C0A8-E467-4AB2-998B-7801801D8E62}"
EndProject
Global
	GlobalSection(SolutionConfigurationPlatforms) = preSolution
		Debug|Any CPU = Debug|Any CPU
		Release|Any CPU = Release|Any CPU
	EndGlobalSection
	GlobalSection(ProjectConfigurationPlatforms) = postSolution
		{7C48D443-9E76-438F-AB3A-58085190693C}.Debug|Any CPU.ActiveCfg = Debug|Any CPU
		{7C48D443-9E76-438F-AB3A-58085190693C}.Debug|Any CPU.Build.0 = Debug|Any CPU
		{7C48D443-9E76-438F-AB3A-58085190693C}.Release|Any CPU.ActiveCfg = Release|Any CPU
		{7C48D443-9E76-438F-AB3A-58085190693C}.Release|Any CPU.Build.0 = Release|Any CPU
		{4AC0C0A8-E467-4AB2-998B-7801801D8E62}.Debug|Any CPU.ActiveCfg = Debug|Any CPU
		{4AC0C0A8-E467-4AB2-998B-7801801D8E62}.Debug|Any CPU.Build.0 = Debug|Any CPU
		{4AC0C0A8-E467-4AB2-998B-7801801D8E62}.Release|Any CPU.ActiveCfg = Release|Any CPU
		{4AC0C0A8-E467-4AB2-998B-7801801D8E62}.Release|Any CPU.Build.0 = Release|Any CPU
	EndGlobalSection
	GlobalSection(SolutionProperties) = preSolution
		HideSolutionNode = FALSE
	EndGlobalSection
	GlobalSection(ExtensibilityGlobals) = postSolution
		SolutionGuid = {1D7DB134-5583-49AE-957A-856F26DF4A33}
	EndGlobalSection
EndGlobal
